{
  "nodes": {
    "agenix": {
      "inputs": {
        "darwin": "darwin",
        "home-manager": [
          "home-manager"
        ],
        "nixpkgs": [
          "nixpkgs"
        ],
        "systems": "systems"
      },
      "locked": {
        "lastModified": 1770165109,
        "narHash": "sha256-9VnK6Oqai65puVJ4WYtCTvlJeXxMzAp/69HhQuTdl/I=",
        "owner": "ryantm",
        "repo": "agenix",
        "rev": "b027ee29d959fda4b60b57566d64c98a202e0feb",
        "type": "github"
      },
      "original": {
        "owner": "ryantm",
        "repo": "agenix",
        "type": "github"
      }
    },
    "betterescape-fish": {
      "flake": false,
      "locked": {
        "lastModified": 1761484209,
        "narHash": "sha256-bZgTdrHQbst4WeF5jFPTpWbukMRMgBL07yZfGtjNN04=",
        "owner": "drop-stones",
        "repo": "betterescape.fish",
        "rev": "37a883d7d6ecee18e8f663bb91f80eaef59a3b46",
        "type": "github"
      },
      "original": {
        "owner": "drop-stones",
        "repo": "betterescape.fish",
        "type": "github"
      }
    },
    "darwin": {
      "inputs": {
        "nixpkgs": [
          "agenix",
          "nixpkgs"
        ]
      },
      "locked": {
        "lastModified": 1744478979,
        "narHash": "sha256-dyN+teG9G82G+m+PX/aSAagkC+vUv0SgUw3XkPhQodQ=",
        "owner": "lnl7",
        "repo": "nix-darwin",
        "rev": "43975d782b418ebf4969e9ccba82466728c2851b",
        "type": "github"
      },
      "original": {
        "owner": "lnl7",
        "ref": "master",
        "repo": "nix-darwin",
        "type": "github"
      }
    },
    "disko": {
      "inputs": {
        "nixpkgs": [
          "nixpkgs"
        ]
      },
      "locked": {
        "lastModified": 1771469470,
        "narHash": "sha256-GnqdqhrguKNN3HtVfl6z+zbV9R9jhHFm3Z8nu7R6ml0=",
        "owner": "nix-community",
        "repo": "disko",
        "rev": "4707eec8d1d2db5182ea06ed48c820a86a42dc13",
        "type": "github"
      },
      "original": {
        "owner": "nix-community",
        "repo": "disko",
        "type": "github"
      }
    },
    "flake-compat": {
      "flake": false,
      "locked": {
        "lastModified": 1767039857,
        "narHash": "sha256-vNpUSpF5Nuw8xvDLj2KCwwksIbjua2LZCqhV1LNRDns=",
        "owner": "edolstra",
        "repo": "flake-compat",
        "rev": "5edf11c44bc78a0d334f6334cdaf7d60d732daab",
        "type": "github"
      },
      "original": {
        "owner": "edolstra",
        "repo": "flake-compat",
        "type": "github"
      }
    },
    "home-manager": {
      "inputs": {
        "nixpkgs": [
          "nixpkgs"
        ]
      },
      "locked": {
        "lastModified": 1770260404,
        "narHash": "sha256-3iVX1+7YUIt23hBx1WZsUllhbmP2EnXrV8tCRbLxHc8=",
        "owner": "nix-community",
        "repo": "home-manager",
        "rev": "0d782ee42c86b196acff08acfbf41bb7d13eed5b",
        "type": "github"
      },
      "original": {
        "owner": "nix-community",
        "ref": "release-25.11",
        "repo": "home-manager",
        "type": "github"
      }
    },
    "initcache-fish": {
      "flake": false,
      "locked": {
        "lastModified": 1769438712,
        "narHash": "sha256-7jxQzvcqYj56oWMjd/ux3/B6E/1cF/QFHEKnEgOi6a0=",
        "owner": "drop-stones",
        "repo": "initcache.fish",
        "rev": "b14e9cdb76a736c987c186ca38527cb707a8a7ed",
        "type": "github"
      },
      "original": {
        "owner": "drop-stones",
        "repo": "initcache.fish",
        "type": "github"
      }
    },
    "nix-darwin": {
      "inputs": {
        "nixpkgs": [
          "nixpkgs"
        ]
      },
      "locked": {
        "lastModified": 1767634391,
        "narHash": "sha256-owcSz2ICqTSvhBbhPP+1eWzi88e54rRZtfCNE5E/wwg=",
        "owner": "nix-darwin",
        "repo": "nix-darwin",
        "rev": "08585aacc3d6d6c280a02da195fdbd4b9cf083c2",
        "type": "github"
      },
      "original": {
        "owner": "nix-darwin",
        "ref": "nix-darwin-25.11",
        "repo": "nix-darwin",
        "type": "github"
      }
    },
    "nix-hazkey": {
      "inputs": {
        "home-manager": [
          "home-manager"
        ],
        "nixpkgs": [
          "nixpkgs"
        ]
      },
      "locked": {
        "lastModified": 1771589177,
        "narHash": "sha256-IBKPG6TvqueTcWqDiBCeKvj4BCbIYwDCMuv2rft9B18=",
        "owner": "aster-void",
        "repo": "nix-hazkey",
        "rev": "2611828dcb4d4ac70498c6c41b9f240496cd3af2",
        "type": "github"
      },
      "original": {
        "owner": "aster-void",
        "repo": "nix-hazkey",
        "type": "github"
      }
    },
    "nixos-wsl": {
      "inputs": {
        "flake-compat": "flake-compat",
        "nixpkgs": [
          "nixpkgs"
        ]
      },
      "locked": {
        "lastModified": 1768814715,
        "narHash": "sha256-uTvoxG2KuWQsIaVbvzkEQB276IxVZYrV+UeALXnIyp8=",
        "owner": "nix-community",
        "repo": "NixOS-WSL",
        "rev": "a14126746cee49ba450b9c7e0dc024128e094009",
        "type": "github"
      },
      "original": {
        "owner": "nix-community",
        "ref": "release-25.05",
        "repo": "NixOS-WSL",
        "type": "github"
      }
    },
    "nixpkgs": {
      "locked": {
        "lastModified": 1771208521,
        "narHash": "sha256-X01Q3DgSpjeBpapoGA4rzKOn25qdKxbPnxHeMLNoHTU=",
        "owner": "NixOS",
        "repo": "nixpkgs",
        "rev": "fa56d7d6de78f5a7f997b0ea2bc6efd5868ad9e8",
        "type": "github"
      },
      "original": {
        "owner": "NixOS",
        "ref": "nixos-25.11",
        "repo": "nixpkgs",
        "type": "github"
      }
    },
    "nvim-config": {
      "flake": false,
      "locked": {
        "lastModified": 1771337420,
        "narHash": "sha256-YTGEdFQsS/ZQdyUBzo5KdA3z/sM36rE9XmVrrUDiP30=",
        "owner": "drop-stones",
        "repo": "nvim-config",
        "rev": "bad404aa92f8c58f37cb86c077e79a408a8ca1c3",
        "type": "github"
      },
      "original": {
        "owner": "drop-stones",
        "repo": "nvim-config",
        "type": "github"
      }
    },
    "root": {
      "inputs": {
        "agenix": "agenix",
        "betterescape-fish": "betterescape-fish",
        "disko": "disko",
        "home-manager": "home-manager",
        "initcache-fish": "initcache-fish",
        "nix-darwin": "nix-darwin",
        "nix-hazkey": "nix-hazkey",
        "nixos-wsl": "nixos-wsl",
        "nixpkgs": "nixpkgs",
        "nvim-config": "nvim-config",
        "secrets-config": "secrets-config",
        "wslwrap-fish": "wslwrap-fish"
      }
    },
    "secrets-config": {
      "flake": false,
      "locked": {
        "lastModified": 1771338399,
        "narHash": "sha256-58zrDWI+aTDUXxrJMWY/8P3tXs5HyOJKsdMHxDO8t2o=",
        "ref": "refs/heads/main",
        "rev": "e28cf7ec136a091fb90fb88210ef46721ab1c182",
        "revCount": 10,
        "type": "git",
        "url": "ssh://git@github.com/drop-stones/secrets-config"
      },
      "original": {
        "type": "git",
        "url": "ssh://git@github.com/drop-stones/secrets-config"
      }
    },
    "systems": {
      "locked": {
        "lastModified": 1681028828,
        "narHash": "sha256-Vy1rq5AaRuLzOxct8nz4T6wlgyUR7zLU309k9mBC768=",
        "owner": "nix-systems",
        "repo": "default",
        "rev": "da67096a3b9bf56a91d16901293e51ba5b49a27e",
        "type": "github"
      },
      "original": {
        "owner": "nix-systems",
        "repo": "default",
        "type": "github"
      }
    },
    "wslwrap-fish": {
      "flake": false,
      "locked": {
        "lastModified": 1771116212,
        "narHash": "sha256-opjHtAFzW6yhrYVkDM/Z7BEhdbrP7osLAbTFFtYS8Ks=",
        "owner": "drop-stones",
        "repo": "wslwrap.fish",
        "rev": "9b108a7d7874480b0e3761dc0a10bb70dd81f333",
        "type": "github"
      },
      "original": {
        "owner": "drop-stones",
        "repo": "wslwrap.fish",
        "type": "github"
      }
    }
  },
  "root": "root",
  "version": 7
}
