{
  "nodes": {
    "betterescape-fish": {
      "flake": false,
      "locked": {
        "lastModified": 1761484209,
        "narHash": "sha256-bZgTdrHQbst4WeF5jFPTpWbukMRMgBL07yZfGtjNN04=",
        "owner": "drop-stones",
        "repo": "betterescape.fish",
        "rev": "37a883d7d6ecee18e8f663bb91f80eaef59a3b46",
        "type": "github"
      },
      "original": {
        "owner": "drop-stones",
        "repo": "betterescape.fish",
        "type": "github"
      }
    },
    "flake-compat": {
      "flake": false,
      "locked": {
        "lastModified": 1761588595,
        "narHash": "sha256-XKUZz9zewJNUj46b4AJdiRZJAvSZ0Dqj2BNfXvFlJC4=",
        "owner": "edolstra",
        "repo": "flake-compat",
        "rev": "f387cd2afec9419c8ee37694406ca490c3f34ee5",
        "type": "github"
      },
      "original": {
        "owner": "edolstra",
        "repo": "flake-compat",
        "type": "github"
      }
    },
    "home-manager": {
      "inputs": {
        "nixpkgs": [
          "nixpkgs"
        ]
      },
      "locked": {
        "lastModified": 1768603898,
        "narHash": "sha256-vRV1dWJOCpCal3PRr86wE2WTOMfAhTu6G7bSvOsryUo=",
        "owner": "nix-community",
        "repo": "home-manager",
        "rev": "2a63d0e9d2c72ac4d4150ebb242cf8d86f488c8c",
        "type": "github"
      },
      "original": {
        "owner": "nix-community",
        "ref": "release-25.11",
        "repo": "home-manager",
        "type": "github"
      }
    },
    "initcache-fish": {
      "flake": false,
      "locked": {
        "lastModified": 1761568721,
        "narHash": "sha256-M+PTx9KRaZDjy2kKEbr1EJlKRTcAiM89tgkYQQjHz3g=",
        "owner": "drop-stones",
        "repo": "initcache.fish",
        "rev": "f1edd4161c4dab80a6c3c08961930e445909c4d8",
        "type": "github"
      },
      "original": {
        "owner": "drop-stones",
        "repo": "initcache.fish",
        "type": "github"
      }
    },
    "nixos-wsl": {
      "inputs": {
        "flake-compat": "flake-compat",
        "nixpkgs": [
          "nixpkgs"
        ]
      },
      "locked": {
        "lastModified": 1765821666,
        "narHash": "sha256-L2VAjFKGpBYJHhIWwrkRdgPGpkSf4mXCmKnK3E/jtns=",
        "owner": "nix-community",
        "repo": "NixOS-WSL",
        "rev": "e79ea0b565d26ba08b9edb172ce3d3925c5ff0b4",
        "type": "github"
      },
      "original": {
        "owner": "nix-community",
        "ref": "release-25.05",
        "repo": "NixOS-WSL",
        "type": "github"
      }
    },
    "nixpkgs": {
      "locked": {
        "lastModified": 1768621446,
        "narHash": "sha256-6YwHV1cjv6arXdF/PQc365h1j+Qje3Pydk501Rm4Q+4=",
        "owner": "NixOS",
        "repo": "nixpkgs",
        "rev": "72ac591e737060deab2b86d6952babd1f896d7c5",
        "type": "github"
      },
      "original": {
        "owner": "NixOS",
        "ref": "nixos-25.11",
        "repo": "nixpkgs",
        "type": "github"
      }
    },
    "root": {
      "inputs": {
        "betterescape-fish": "betterescape-fish",
        "home-manager": "home-manager",
        "initcache-fish": "initcache-fish",
        "nixos-wsl": "nixos-wsl",
        "nixpkgs": "nixpkgs",
        "wslwrap-fish": "wslwrap-fish"
      }
    },
    "wslwrap-fish": {
      "flake": false,
      "locked": {
        "lastModified": 1759066548,
        "narHash": "sha256-Dglr+iEyzoMX0jZrCVaj1vbCeI4AvntPN6oG4Mn7Kdk=",
        "owner": "drop-stones",
        "repo": "wslwrap.fish",
        "rev": "e684b9f3d9ef35fb18e938b6ebeb0f37a49d6ddd",
        "type": "github"
      },
      "original": {
        "owner": "drop-stones",
        "repo": "wslwrap.fish",
        "type": "github"
      }
    }
  },
  "root": "root",
  "version": 7
}
