{
  "nodes": {
    "betterescape-fish": {
      "flake": false,
      "locked": {
        "lastModified": 1761484209,
        "narHash": "sha256-bZgTdrHQbst4WeF5jFPTpWbukMRMgBL07yZfGtjNN04=",
        "owner": "drop-stones",
        "repo": "betterescape.fish",
        "rev": "37a883d7d6ecee18e8f663bb91f80eaef59a3b46",
        "type": "github"
      },
      "original": {
        "owner": "drop-stones",
        "repo": "betterescape.fish",
        "type": "github"
      }
    },
    "flake-compat": {
      "flake": false,
      "locked": {
        "lastModified": 1767039857,
        "narHash": "sha256-vNpUSpF5Nuw8xvDLj2KCwwksIbjua2LZCqhV1LNRDns=",
        "owner": "edolstra",
        "repo": "flake-compat",
        "rev": "5edf11c44bc78a0d334f6334cdaf7d60d732daab",
        "type": "github"
      },
      "original": {
        "owner": "edolstra",
        "repo": "flake-compat",
        "type": "github"
      }
    },
    "home-manager": {
      "inputs": {
        "nixpkgs": [
          "nixpkgs"
        ]
      },
      "locked": {
        "lastModified": 1769580047,
        "narHash": "sha256-tNqCP/+2+peAXXQ2V8RwsBkenlfWMERb+Uy6xmevyhM=",
        "owner": "nix-community",
        "repo": "home-manager",
        "rev": "366d78c2856de6ab3411c15c1cb4fb4c2bf5c826",
        "type": "github"
      },
      "original": {
        "owner": "nix-community",
        "ref": "release-25.11",
        "repo": "home-manager",
        "type": "github"
      }
    },
    "initcache-fish": {
      "flake": false,
      "locked": {
        "lastModified": 1769438712,
        "narHash": "sha256-7jxQzvcqYj56oWMjd/ux3/B6E/1cF/QFHEKnEgOi6a0=",
        "owner": "drop-stones",
        "repo": "initcache.fish",
        "rev": "b14e9cdb76a736c987c186ca38527cb707a8a7ed",
        "type": "github"
      },
      "original": {
        "owner": "drop-stones",
        "repo": "initcache.fish",
        "type": "github"
      }
    },
    "nixos-wsl": {
      "inputs": {
        "flake-compat": "flake-compat",
        "nixpkgs": [
          "nixpkgs"
        ]
      },
      "locked": {
        "lastModified": 1768814715,
        "narHash": "sha256-uTvoxG2KuWQsIaVbvzkEQB276IxVZYrV+UeALXnIyp8=",
        "owner": "nix-community",
        "repo": "NixOS-WSL",
        "rev": "a14126746cee49ba450b9c7e0dc024128e094009",
        "type": "github"
      },
      "original": {
        "owner": "nix-community",
        "ref": "release-25.05",
        "repo": "NixOS-WSL",
        "type": "github"
      }
    },
    "nixpkgs": {
      "locked": {
        "lastModified": 1769598131,
        "narHash": "sha256-e7VO/kGLgRMbWtpBqdWl0uFg8Y2XWFMdz0uUJvlML8o=",
        "owner": "NixOS",
        "repo": "nixpkgs",
        "rev": "fa83fd837f3098e3e678e6cf017b2b36102c7211",
        "type": "github"
      },
      "original": {
        "owner": "NixOS",
        "ref": "nixos-25.11",
        "repo": "nixpkgs",
        "type": "github"
      }
    },
    "nvim-config": {
      "flake": false,
      "locked": {
        "lastModified": 1769872060,
        "narHash": "sha256-cye4Cn9BAWTXekKx3WaP+eMm3yDjZRQg9dezYzNXVWg=",
        "owner": "drop-stones",
        "repo": "nvim-config",
        "rev": "455f0adc07710f0a19d4af24cd93b2e40bea8cd0",
        "type": "github"
      },
      "original": {
        "owner": "drop-stones",
        "repo": "nvim-config",
        "type": "github"
      }
    },
    "root": {
      "inputs": {
        "betterescape-fish": "betterescape-fish",
        "home-manager": "home-manager",
        "initcache-fish": "initcache-fish",
        "nixos-wsl": "nixos-wsl",
        "nixpkgs": "nixpkgs",
        "nvim-config": "nvim-config",
        "wslwrap-fish": "wslwrap-fish"
      }
    },
    "wslwrap-fish": {
      "flake": false,
      "locked": {
        "lastModified": 1769342274,
        "narHash": "sha256-W78VLR9WUe/jijAhCkxATOQ5zm/siTk5bbSeHOI/ChM=",
        "owner": "drop-stones",
        "repo": "wslwrap.fish",
        "rev": "87581afb35a58d47b319427ccb3a6cd2ef4b2697",
        "type": "github"
      },
      "original": {
        "owner": "drop-stones",
        "repo": "wslwrap.fish",
        "type": "github"
      }
    }
  },
  "root": "root",
  "version": 7
}
